
Microsoft Visual Studio Solution File, Format Version 12.00
# Visual Studio Version 17
VisualStudioVersion = 17.8.34525.116
MinimumVisualStudioVersion = 10.0.40219.1
Project("{FAE04EC0-301F-11D3-BF4B-00C04F79EFBC}") = "JenkinsDemo", "JenkinsDemo\JenkinsDemo.csproj", "{11C5D09A-6564-48FB-B9B5-4FB4B43C28EE}"
EndProject
Project("{FAE04EC0-301F-11D3-BF4B-00C04F79EFBC}") = "TestProject1", "TestProject1\TestProject1.csproj", "{B100BE1E-7EF3-483E-A580-E527810E9921}"
EndProject
Global
	GlobalSection(SolutionConfigurationPlatforms) = preSolution
		Debug|Any CPU = Debug|Any CPU
		Release|Any CPU = Release|Any CPU
	EndGlobalSection
	GlobalSection(ProjectConfigurationPlatforms) = postSolution
		{11C5D09A-6564-48FB-B9B5-4FB4B43C28EE}.Debug|Any CPU.ActiveCfg = Debug|Any CPU
		{11C5D09A-6564-48FB-B9B5-4FB4B43C28EE}.Debug|Any CPU.Build.0 = Debug|Any CPU
		{11C5D09A-6564-48FB-B9B5-4FB4B43C28EE}.Release|Any CPU.ActiveCfg = Release|Any CPU
		{11C5D09A-6564-48FB-B9B5-4FB4B43C28EE}.Release|Any CPU.Build.0 = Release|Any CPU
		{B100BE1E-7EF3-483E-A580-E527810E9921}.Debug|Any CPU.ActiveCfg = Debug|Any CPU
		{B100BE1E-7EF3-483E-A580-E527810E9921}.Debug|Any CPU.Build.0 = Debug|Any CPU
		{B100BE1E-7EF3-483E-A580-E527810E9921}.Release|Any CPU.ActiveCfg = Release|Any CPU
		{B100BE1E-7EF3-483E-A580-E527810E9921}.Release|Any CPU.Build.0 = Release|Any CPU
	EndGlobalSection
	GlobalSection(SolutionProperties) = preSolution
		HideSolutionNode = FALSE
	EndGlobalSection
	GlobalSection(ExtensibilityGlobals) = postSolution
		SolutionGuid = {E0E433A2-4E39-49A4-A9D9-FAE06D7C4DD8}
	EndGlobalSection
EndGlobal
